lockfileVersion: '9.0'

settings:
  autoInstallPeers: true
  excludeLinksFromLockfile: false

importers:

  .:
    dependencies:
      graphql-request:
        specifier: ^7.2.0
        version: 7.2.0(graphql@16.11.0)
      graphql-tag:
        specifier: ^2.12.6
        version: 2.12.6(graphql@16.11.0)

packages:

  '@graphql-typed-document-node/core@3.2.0':
    resolution: {integrity: sha512-mB9oAsNCm9aM3/SOv4YtBMqZbYj10R7dkq8byBqxGY/ncFwhf2oQzMV+LCRlWoDSEBJ3COiR1yeDvMtsoOsuFQ==}
    peerDependencies:
      graphql: ^0.8.0 || ^0.9.0 || ^0.10.0 || ^0.11.0 || ^0.12.0 || ^0.13.0 || ^14.0.0 || ^15.0.0 || ^16.0.0 || ^17.0.0

  graphql-request@7.2.0:
    resolution: {integrity: sha512-0GR7eQHBFYz372u9lxS16cOtEekFlZYB2qOyq8wDvzRmdRSJ0mgUVX1tzNcIzk3G+4NY+mGtSz411wZdeDF/+A==}
    peerDependencies:
      graphql: 14 - 16

  graphql-tag@2.12.6:
    resolution: {integrity: sha512-FdSNcu2QQcWnM2VNvSCCDCVS5PpPqpzgFT8+GXzqJuoDd0CBncxCY278u4mhRO7tMgo2JjgJA5aZ+nWSQ/Z+xg==}
    engines: {node: '>=10'}
    peerDependencies:
      graphql: ^0.9.0 || ^0.10.0 || ^0.11.0 || ^0.12.0 || ^0.13.0 || ^14.0.0 || ^15.0.0 || ^16.0.0

  graphql@16.11.0:
    resolution: {integrity: sha512-mS1lbMsxgQj6hge1XZ6p7GPhbrtFwUFYi3wRzXAC/FmYnyXMTvvI3td3rjmQ2u8ewXueaSvRPWaEcgVVOT9Jnw==}
    engines: {node: ^12.22.0 || ^14.16.0 || ^16.0.0 || >=17.0.0}

  tslib@2.8.1:
    resolution: {integrity: sha512-oJFu94HQb+KVduSUQL7wnpmqnfmLsOA/nAh6b6EH0wCEoK0/mPeXU6c3wKDV83MkOuHPRHtSXKKU99IBazS/2w==}

snapshots:

  '@graphql-typed-document-node/core@3.2.0(graphql@16.11.0)':
    dependencies:
      graphql: 16.11.0

  graphql-request@7.2.0(graphql@16.11.0):
    dependencies:
      '@graphql-typed-document-node/core': 3.2.0(graphql@16.11.0)
      graphql: 16.11.0

  graphql-tag@2.12.6(graphql@16.11.0):
    dependencies:
      graphql: 16.11.0
      tslib: 2.8.1

  graphql@16.11.0: {}

  tslib@2.8.1: {}
